
Microsoft Visual Studio Solution File, Format Version 12.00
# Visual Studio Version 17
VisualStudioVersion = 17.3.32901.215
MinimumVisualStudioVersion = 10.0.40219.1
Project("{FAE04EC0-301F-11D3-BF4B-00C04F79EFBC}") = "CSharpPractice2", "CSharpPractice2.csproj", "{88026E5A-698A-4651-9107-1A62CF45A122}"
EndProject
Global
	GlobalSection(SolutionConfigurationPlatforms) = preSolution
		Debug|Any CPU = Debug|Any CPU
		Release|Any CPU = Release|Any CPU
	EndGlobalSection
	GlobalSection(ProjectConfigurationPlatforms) = postSolution
		{88026E5A-698A-4651-9107-1A62CF45A122}.Debug|Any CPU.ActiveCfg = Debug|Any CPU
		{88026E5A-698A-4651-9107-1A62CF45A122}.Debug|Any CPU.Build.0 = Debug|Any CPU
		{88026E5A-698A-4651-9107-1A62CF45A122}.Release|Any CPU.ActiveCfg = Release|Any CPU
		{88026E5A-698A-4651-9107-1A62CF45A122}.Release|Any CPU.Build.0 = Release|Any CPU
	EndGlobalSection
	GlobalSection(SolutionProperties) = preSolution
		HideSolutionNode = FALSE
	EndGlobalSection
	GlobalSection(ExtensibilityGlobals) = postSolution
		SolutionGuid = {6D943243-CB6F-4832-BA49-907E1F569D5B}
	EndGlobalSection
EndGlobal
